{
  "originHash" : "1cc2698c053cd042d3ba0b0ddc646b7c375c36710d066b4234a4c5f290a23161",
  "pins" : [
    {
      "identity" : "nhsapp-design-system-ios",
      "kind" : "remoteSourceControl",
      "location" : "https://github.com/NHSDigital/nhsapp-design-system-ios",
      "state" : {
        "revision" : "4f23f986bc6d5c65c8cd5fab2cdcccfcda0c54c7",
        "version" : "2.1.0"
      }
    }
  ],
  "version" : 3
}
