{
  "originHash" : "1cc2698c053cd042d3ba0b0ddc646b7c375c36710d066b4234a4c5f290a23161",
  "pins" : [
    {
      "identity" : "nhsapp-design-system-ios",
      "kind" : "remoteSourceControl",
      "location" : "https://github.com/NHSDigital/nhsapp-design-system-ios",
      "state" : {
        "revision" : "eb9377530e8c987762684f49565499c3b2166573",
        "version" : "2.0.1"
      }
    }
  ],
  "version" : 3
}
